// !$*UTF8*$!
{
	archiveVersion = 1;
	classes = {
	};
	objectVersion = 50;
	objects = {

/* Begin PBXBuildFile section */
		DF00587E23CA0CA000F9F678 /* AppDelegate.swift in Sources */ = {isa = PBXBuildFile; fileRef = DF00587D23CA0CA000F9F678 /* AppDelegate.swift */; };
		DF00588023CA0CA000F9F678 /* SceneDelegate.swift in Sources */ = {isa = PBXBuildFile; fileRef = DF00587F23CA0CA000F9F678 /* SceneDelegate.swift */; };
		DF00588223CA0CA000F9F678 /* ViewController.swift in Sources */ = {isa = PBXBuildFile; fileRef = DF00588123CA0CA000F9F678 /* ViewController.swift */; };
		DF00588523CA0CA000F9F678 /* Main.storyboard in Resources */ = {isa = PBXBuildFile; fileRef = DF00588323CA0CA000F9F678 /* Main.storyboard */; };
		DF00588723CA0CA000F9F678 /* Assets.xcassets in Resources */ = {isa = PBXBuildFile; fileRef = DF00588623CA0CA000F9F678 /* Assets.xcassets */; };
		DF00588A23CA0CA000F9F678 /* LaunchScreen.storyboard in Resources */ = {isa = PBXBuildFile; fileRef = DF00588823CA0CA000F9F678 /* LaunchScreen.storyboard */; };
		DF0058AF23CA0CAD00F9F678 /* DidomiConsent.framework in Frameworks */ = {isa = PBXBuildFile; fileRef = DF0058AE23CA0CAD00F9F678 /* DidomiConsent.framework */; };
		DF0058B023CA0CAD00F9F678 /* DidomiConsent.framework in Embed Frameworks */ = {isa = PBXBuildFile; fileRef = DF0058AE23CA0CAD00F9F678 /* DidomiConsent.framework */; settings = {ATTRIBUTES = (CodeSignOnCopy, RemoveHeadersOnCopy, ); }; };
		DF53011C23CB7D0000183E87 /* Default.strings in Resources */ = {isa = PBXBuildFile; fileRef = DF53011E23CB7D0000183E87 /* Default.strings */; };
		DF53012123CB7D9400183E87 /* Localizable.strings in Resources */ = {isa = PBXBuildFile; fileRef = DF53012323CB7D9400183E87 /* Localizable.strings */; };
/* End PBXBuildFile section */

/* Begin PBXContainerItemProxy section */
		DF00589123CA0CA100F9F678 /* PBXContainerItemProxy */ = {
			isa = PBXContainerItemProxy;
			containerPortal = DF00587223CA0CA000F9F678 /* Project object */;
			proxyType = 1;
			remoteGlobalIDString = DF00587923CA0CA000F9F678;
			remoteInfo = TestAppIOS13;
		};
		DF00589C23CA0CA100F9F678 /* PBXContainerItemProxy */ = {
			isa = PBXContainerItemProxy;
			containerPortal = DF00587223CA0CA000F9F678 /* Project object */;
			proxyType = 1;
			remoteGlobalIDString = DF00587923CA0CA000F9F678;
			remoteInfo = TestAppIOS13;
		};
		DF53016223CC503300183E87 /* PBXContainerItemProxy */ = {
			isa = PBXContainerItemProxy;
			containerPortal = DF00587223CA0CA000F9F678 /* Project object */;
			proxyType = 1;
			remoteGlobalIDString = DF00587923CA0CA000F9F678;
			remoteInfo = TestAppIOS13;
		};
/* End PBXContainerItemProxy section */

/* Begin PBXCopyFilesBuildPhase section */
		DF0058B123CA0CAD00F9F678 /* Embed Frameworks */ = {
			isa = PBXCopyFilesBuildPhase;
			buildActionMask = 2147483647;
			dstPath = "";
			dstSubfolderSpec = 10;
			files = (
				DF0058B023CA0CAD00F9F678 /* DidomiConsent.framework in Embed Frameworks */,
			);
			name = "Embed Frameworks";
			runOnlyForDeploymentPostprocessing = 0;
		};
/* End PBXCopyFilesBuildPhase section */

/* Begin PBXFileReference section */
		DF00587A23CA0CA000F9F678 /* TestAppIOS13.app */ = {isa = PBXFileReference; explicitFileType = wrapper.application; includeInIndex = 0; path = TestAppIOS13.app; sourceTree = BUILT_PRODUCTS_DIR; };
		DF00587D23CA0CA000F9F678 /* AppDelegate.swift */ = {isa = PBXFileReference; lastKnownFileType = sourcecode.swift; path = AppDelegate.swift; sourceTree = "<group>"; };
		DF00587F23CA0CA000F9F678 /* SceneDelegate.swift */ = {isa = PBXFileReference; lastKnownFileType = sourcecode.swift; path = SceneDelegate.swift; sourceTree = "<group>"; };
		DF00588123CA0CA000F9F678 /* ViewController.swift */ = {isa = PBXFileReference; lastKnownFileType = sourcecode.swift; path = ViewController.swift; sourceTree = "<group>"; };
		DF00588423CA0CA000F9F678 /* Base */ = {isa = PBXFileReference; lastKnownFileType = file.storyboard; name = Base; path = Base.lproj/Main.storyboard; sourceTree = "<group>"; };
		DF00588623CA0CA000F9F678 /* Assets.xcassets */ = {isa = PBXFileReference; lastKnownFileType = folder.assetcatalog; path = Assets.xcassets; sourceTree = "<group>"; };
		DF00588923CA0CA000F9F678 /* Base */ = {isa = PBXFileReference; lastKnownFileType = file.storyboard; name = Base; path = Base.lproj/LaunchScreen.storyboard; sourceTree = "<group>"; };
		DF00588B23CA0CA000F9F678 /* Info.plist */ = {isa = PBXFileReference; lastKnownFileType = text.plist.xml; path = Info.plist; sourceTree = "<group>"; };
		DF00589023CA0CA100F9F678 /* TestAppIOS13Tests.xctest */ = {isa = PBXFileReference; explicitFileType = wrapper.cfbundle; includeInIndex = 0; path = TestAppIOS13Tests.xctest; sourceTree = BUILT_PRODUCTS_DIR; };
		DF00589B23CA0CA100F9F678 /* TestAppIOS13UITests.xctest */ = {isa = PBXFileReference; explicitFileType = wrapper.cfbundle; includeInIndex = 0; path = TestAppIOS13UITests.xctest; sourceTree = BUILT_PRODUCTS_DIR; };
		DF0058AE23CA0CAD00F9F678 /* DidomiConsent.framework */ = {isa = PBXFileReference; explicitFileType = wrapper.framework; path = DidomiConsent.framework; sourceTree = BUILT_PRODUCTS_DIR; };
		DF53011D23CB7D0000183E87 /* en */ = {isa = PBXFileReference; lastKnownFileType = text.plist.strings; name = en; path = en.lproj/Default.strings; sourceTree = "<group>"; };
		DF53012223CB7D9400183E87 /* en */ = {isa = PBXFileReference; lastKnownFileType = text.plist.strings; name = en; path = en.lproj/Localizable.strings; sourceTree = "<group>"; };
		DF53015D23CC503300183E87 /* DidomiConsentUITests.xctest */ = {isa = PBXFileReference; explicitFileType = wrapper.cfbundle; includeInIndex = 0; path = DidomiConsentUITests.xctest; sourceTree = BUILT_PRODUCTS_DIR; };
/* End PBXFileReference section */

/* Begin PBXFrameworksBuildPhase section */
		DF00587723CA0CA000F9F678 /* Frameworks */ = {
			isa = PBXFrameworksBuildPhase;
			buildActionMask = 2147483647;
			files = (
				DF0058AF23CA0CAD00F9F678 /* DidomiConsent.framework in Frameworks */,
			);
			runOnlyForDeploymentPostprocessing = 0;
		};
		DF00588D23CA0CA100F9F678 /* Frameworks */ = {
			isa = PBXFrameworksBuildPhase;
			buildActionMask = 2147483647;
			files = (
			);
			runOnlyForDeploymentPostprocessing = 0;
		};
		DF00589823CA0CA100F9F678 /* Frameworks */ = {
			isa = PBXFrameworksBuildPhase;
			buildActionMask = 2147483647;
			files = (
			);
			runOnlyForDeploymentPostprocessing = 0;
		};
		DF53015A23CC503300183E87 /* Frameworks */ = {
			isa = PBXFrameworksBuildPhase;
			buildActionMask = 2147483647;
			files = (
			);
			runOnlyForDeploymentPostprocessing = 0;
		};
/* End PBXFrameworksBuildPhase section */

/* Begin PBXGroup section */
		DF00587123CA0CA000F9F678 = {
			isa = PBXGroup;
			children = (
				DF00587C23CA0CA000F9F678 /* TestAppIOS13 */,
				DF00587B23CA0CA000F9F678 /* Products */,
				DF0058AD23CA0CAD00F9F678 /* Frameworks */,
			);
			sourceTree = "<group>";
		};
		DF00587B23CA0CA000F9F678 /* Products */ = {
			isa = PBXGroup;
			children = (
				DF00587A23CA0CA000F9F678 /* TestAppIOS13.app */,
				DF00589023CA0CA100F9F678 /* TestAppIOS13Tests.xctest */,
				DF00589B23CA0CA100F9F678 /* TestAppIOS13UITests.xctest */,
				DF53015D23CC503300183E87 /* DidomiConsentUITests.xctest */,
			);
			name = Products;
			sourceTree = "<group>";
		};
		DF00587C23CA0CA000F9F678 /* TestAppIOS13 */ = {
			isa = PBXGroup;
			children = (
				DF00587D23CA0CA000F9F678 /* AppDelegate.swift */,
				DF00587F23CA0CA000F9F678 /* SceneDelegate.swift */,
				DF00588123CA0CA000F9F678 /* ViewController.swift */,
				DF00588323CA0CA000F9F678 /* Main.storyboard */,
				DF00588623CA0CA000F9F678 /* Assets.xcassets */,
				DF00588823CA0CA000F9F678 /* LaunchScreen.storyboard */,
				DF00588B23CA0CA000F9F678 /* Info.plist */,
				DF53011E23CB7D0000183E87 /* Default.strings */,
				DF53012323CB7D9400183E87 /* Localizable.strings */,
			);
			path = TestAppIOS13;
			sourceTree = "<group>";
		};
		DF0058AD23CA0CAD00F9F678 /* Frameworks */ = {
			isa = PBXGroup;
			children = (
				DF0058AE23CA0CAD00F9F678 /* DidomiConsent.framework */,
			);
			name = Frameworks;
			sourceTree = "<group>";
		};
/* End PBXGroup section */

/* Begin PBXNativeTarget section */
		DF00587923CA0CA000F9F678 /* TestAppIOS13 */ = {
			isa = PBXNativeTarget;
			buildConfigurationList = DF0058A423CA0CA100F9F678 /* Build configuration list for PBXNativeTarget "TestAppIOS13" */;
			buildPhases = (
				DF00587623CA0CA000F9F678 /* Sources */,
				DF00587723CA0CA000F9F678 /* Frameworks */,
				DF00587823CA0CA000F9F678 /* Resources */,
				DF0058B123CA0CAD00F9F678 /* Embed Frameworks */,
			);
			buildRules = (
			);
			dependencies = (
			);
			name = TestAppIOS13;
			productName = TestAppIOS13;
			productReference = DF00587A23CA0CA000F9F678 /* TestAppIOS13.app */;
			productType = "com.apple.product-type.application";
		};
		DF00588F23CA0CA100F9F678 /* TestAppIOS13Tests */ = {
			isa = PBXNativeTarget;
			buildConfigurationList = DF0058A723CA0CA100F9F678 /* Build configuration list for PBXNativeTarget "TestAppIOS13Tests" */;
			buildPhases = (
				DF00588C23CA0CA100F9F678 /* Sources */,
				DF00588D23CA0CA100F9F678 /* Frameworks */,
				DF00588E23CA0CA100F9F678 /* Resources */,
			);
			buildRules = (
			);
			dependencies = (
				DF00589223CA0CA100F9F678 /* PBXTargetDependency */,
			);
			name = TestAppIOS13Tests;
			productName = TestAppIOS13Tests;
			productReference = DF00589023CA0CA100F9F678 /* TestAppIOS13Tests.xctest */;
			productType = "com.apple.product-type.bundle.unit-test";
		};
		DF00589A23CA0CA100F9F678 /* TestAppIOS13UITests */ = {
			isa = PBXNativeTarget;
			buildConfigurationList = DF0058AA23CA0CA100F9F678 /* Build configuration list for PBXNativeTarget "TestAppIOS13UITests" */;
			buildPhases = (
				DF00589723CA0CA100F9F678 /* Sources */,
				DF00589823CA0CA100F9F678 /* Frameworks */,
				DF00589923CA0CA100F9F678 /* Resources */,
			);
			buildRules = (
			);
			dependencies = (
				DF00589D23CA0CA100F9F678 /* PBXTargetDependency */,
			);
			name = TestAppIOS13UITests;
			productName = TestAppIOS13UITests;
			productReference = DF00589B23CA0CA100F9F678 /* TestAppIOS13UITests.xctest */;
			productType = "com.apple.product-type.bundle.ui-testing";
		};
		DF53015C23CC503300183E87 /* DidomiConsentUITests */ = {
			isa = PBXNativeTarget;
			buildConfigurationList = DF53016423CC503300183E87 /* Build configuration list for PBXNativeTarget "DidomiConsentUITests" */;
			buildPhases = (
				DF53015923CC503300183E87 /* Sources */,
				DF53015A23CC503300183E87 /* Frameworks */,
				DF53015B23CC503300183E87 /* Resources */,
			);
			buildRules = (
			);
			dependencies = (
				DF53016323CC503300183E87 /* PBXTargetDependency */,
			);
			name = DidomiConsentUITests;
			productName = DidomiConsentUITests;
			productReference = DF53015D23CC503300183E87 /* DidomiConsentUITests.xctest */;
			productType = "com.apple.product-type.bundle.ui-testing";
		};
/* End PBXNativeTarget section */

/* Begin PBXProject section */
		DF00587223CA0CA000F9F678 /* Project object */ = {
			isa = PBXProject;
			attributes = {
				LastSwiftUpdateCheck = 1120;
				LastUpgradeCheck = 1120;
				ORGANIZATIONNAME = shimon.azulay;
				TargetAttributes = {
					DF00587923CA0CA000F9F678 = {
						CreatedOnToolsVersion = 11.2;
					};
					DF00588F23CA0CA100F9F678 = {
						CreatedOnToolsVersion = 11.2;
						TestTargetID = DF00587923CA0CA000F9F678;
					};
					DF00589A23CA0CA100F9F678 = {
						CreatedOnToolsVersion = 11.2;
						LastSwiftMigration = 1120;
						TestTargetID = DF00587923CA0CA000F9F678;
					};
					DF53015C23CC503300183E87 = {
						CreatedOnToolsVersion = 11.2;
						TestTargetID = DF00587923CA0CA000F9F678;
					};
				};
			};
			buildConfigurationList = DF00587523CA0CA000F9F678 /* Build configuration list for PBXProject "TestAppIOS13" */;
			compatibilityVersion = "Xcode 9.3";
			developmentRegion = en;
			hasScannedForEncodings = 0;
			knownRegions = (
				en,
				Base,
			);
			mainGroup = DF00587123CA0CA000F9F678;
			productRefGroup = DF00587B23CA0CA000F9F678 /* Products */;
			projectDirPath = "";
			projectRoot = "";
			targets = (
				DF00587923CA0CA000F9F678 /* TestAppIOS13 */,
				DF00588F23CA0CA100F9F678 /* TestAppIOS13Tests */,
				DF00589A23CA0CA100F9F678 /* TestAppIOS13UITests */,
				DF53015C23CC503300183E87 /* DidomiConsentUITests */,
			);
		};
/* End PBXProject section */

/* Begin PBXResourcesBuildPhase section */
		DF00587823CA0CA000F9F678 /* Resources */ = {
			isa = PBXResourcesBuildPhase;
			buildActionMask = 2147483647;
			files = (
				DF53012123CB7D9400183E87 /* Localizable.strings in Resources */,
				DF53011C23CB7D0000183E87 /* Default.strings in Resources */,
				DF00588A23CA0CA000F9F678 /* LaunchScreen.storyboard in Resources */,
				DF00588723CA0CA000F9F678 /* Assets.xcassets in Resources */,
				DF00588523CA0CA000F9F678 /* Main.storyboard in Resources */,
			);
			runOnlyForDeploymentPostprocessing = 0;
		};
		DF00588E23CA0CA100F9F678 /* Resources */ = {
			isa = PBXResourcesBuildPhase;
			buildActionMask = 2147483647;
			files = (
			);
			runOnlyForDeploymentPostprocessing = 0;
		};
		DF00589923CA0CA100F9F678 /* Resources */ = {
			isa = PBXResourcesBuildPhase;
			buildActionMask = 2147483647;
			files = (
			);
			runOnlyForDeploymentPostprocessing = 0;
		};
		DF53015B23CC503300183E87 /* Resources */ = {
			isa = PBXResourcesBuildPhase;
			buildActionMask = 2147483647;
			files = (
			);
			runOnlyForDeploymentPostprocessing = 0;
		};
/* End PBXResourcesBuildPhase section */

/* Begin PBXSourcesBuildPhase section */
		DF00587623CA0CA000F9F678 /* Sources */ = {
			isa = PBXSourcesBuildPhase;
			buildActionMask = 2147483647;
			files = (
				DF00588223CA0CA000F9F678 /* ViewController.swift in Sources */,
				DF00587E23CA0CA000F9F678 /* AppDelegate.swift in Sources */,
				DF00588023CA0CA000F9F678 /* SceneDelegate.swift in Sources */,
			);
			runOnlyForDeploymentPostprocessing = 0;
		};
		DF00588C23CA0CA100F9F678 /* Sources */ = {
			isa = PBXSourcesBuildPhase;
			buildActionMask = 2147483647;
			files = (
			);
			runOnlyForDeploymentPostprocessing = 0;
		};
		DF00589723CA0CA100F9F678 /* Sources */ = {
			isa = PBXSourcesBuildPhase;
			buildActionMask = 2147483647;
			files = (
			);
			runOnlyForDeploymentPostprocessing = 0;
		};
		DF53015923CC503300183E87 /* Sources */ = {
			isa = PBXSourcesBuildPhase;
			buildActionMask = 2147483647;
			files = (
			);
			runOnlyForDeploymentPostprocessing = 0;
		};
/* End PBXSourcesBuildPhase section */

/* Begin PBXTargetDependency section */
		DF00589223CA0CA100F9F678 /* PBXTargetDependency */ = {
			isa = PBXTargetDependency;
			target = DF00587923CA0CA000F9F678 /* TestAppIOS13 */;
			targetProxy = DF00589123CA0CA100F9F678 /* PBXContainerItemProxy */;
		};
		DF00589D23CA0CA100F9F678 /* PBXTargetDependency */ = {
			isa = PBXTargetDependency;
			target = DF00587923CA0CA000F9F678 /* TestAppIOS13 */;
			targetProxy = DF00589C23CA0CA100F9F678 /* PBXContainerItemProxy */;
		};
		DF53016323CC503300183E87 /* PBXTargetDependency */ = {
			isa = PBXTargetDependency;
			target = DF00587923CA0CA000F9F678 /* TestAppIOS13 */;
			targetProxy = DF53016223CC503300183E87 /* PBXContainerItemProxy */;
		};
/* End PBXTargetDependency section */

/* Begin PBXVariantGroup section */
		DF00588323CA0CA000F9F678 /* Main.storyboard */ = {
			isa = PBXVariantGroup;
			children = (
				DF00588423CA0CA000F9F678 /* Base */,
			);
			name = Main.storyboard;
			sourceTree = "<group>";
		};
		DF00588823CA0CA000F9F678 /* LaunchScreen.storyboard */ = {
			isa = PBXVariantGroup;
			children = (
				DF00588923CA0CA000F9F678 /* Base */,
			);
			name = LaunchScreen.storyboard;
			sourceTree = "<group>";
		};
		DF53011E23CB7D0000183E87 /* Default.strings */ = {
			isa = PBXVariantGroup;
			children = (
				DF53011D23CB7D0000183E87 /* en */,
			);
			name = Default.strings;
			sourceTree = "<group>";
		};
		DF53012323CB7D9400183E87 /* Localizable.strings */ = {
			isa = PBXVariantGroup;
			children = (
				DF53012223CB7D9400183E87 /* en */,
			);
			name = Localizable.strings;
			sourceTree = "<group>";
		};
/* End PBXVariantGroup section */

/* Begin XCBuildConfiguration section */
		DF0058A223CA0CA100F9F678 /* Debug */ = {
			isa = XCBuildConfiguration;
			buildSettings = {
				ALWAYS_SEARCH_USER_PATHS = NO;
				CLANG_ANALYZER_NONNULL = YES;
				CLANG_ANALYZER_NUMBER_OBJECT_CONVERSION = YES_AGGRESSIVE;
				CLANG_CXX_LANGUAGE_STANDARD = "gnu++14";
				CLANG_CXX_LIBRARY = "libc++";
				CLANG_ENABLE_MODULES = YES;
				CLANG_ENABLE_OBJC_ARC = YES;
				CLANG_ENABLE_OBJC_WEAK = YES;
				CLANG_WARN_BLOCK_CAPTURE_AUTORELEASING = YES;
				CLANG_WARN_BOOL_CONVERSION = YES;
				CLANG_WARN_COMMA = YES;
				CLANG_WARN_CONSTANT_CONVERSION = YES;
				CLANG_WARN_DEPRECATED_OBJC_IMPLEMENTATIONS = YES;
				CLANG_WARN_DIRECT_OBJC_ISA_USAGE = YES_ERROR;
				CLANG_WARN_DOCUMENTATION_COMMENTS = YES;
				CLANG_WARN_EMPTY_BODY = YES;
				CLANG_WARN_ENUM_CONVERSION = YES;
				CLANG_WARN_INFINITE_RECURSION = YES;
				CLANG_WARN_INT_CONVERSION = YES;
				CLANG_WARN_NON_LITERAL_NULL_CONVERSION = YES;
				CLANG_WARN_OBJC_IMPLICIT_RETAIN_SELF = YES;
				CLANG_WARN_OBJC_LITERAL_CONVERSION = YES;
				CLANG_WARN_OBJC_ROOT_CLASS = YES_ERROR;
				CLANG_WARN_RANGE_LOOP_ANALYSIS = YES;
				CLANG_WARN_STRICT_PROTOTYPES = YES;
				CLANG_WARN_SUSPICIOUS_MOVE = YES;
				CLANG_WARN_UNGUARDED_AVAILABILITY = YES_AGGRESSIVE;
				CLANG_WARN_UNREACHABLE_CODE = YES;
				CLANG_WARN__DUPLICATE_METHOD_MATCH = YES;
				COPY_PHASE_STRIP = NO;
				DEBUG_INFORMATION_FORMAT = dwarf;
				ENABLE_STRICT_OBJC_MSGSEND = YES;
				ENABLE_TESTABILITY = YES;
				GCC_C_LANGUAGE_STANDARD = gnu11;
				GCC_DYNAMIC_NO_PIC = NO;
				GCC_NO_COMMON_BLOCKS = YES;
				GCC_OPTIMIZATION_LEVEL = 0;
				GCC_PREPROCESSOR_DEFINITIONS = (
					"DEBUG=1",
					"$(inherited)",
				);
				GCC_WARN_64_TO_32_BIT_CONVERSION = YES;
				GCC_WARN_ABOUT_RETURN_TYPE = YES_ERROR;
				GCC_WARN_UNDECLARED_SELECTOR = YES;
				GCC_WARN_UNINITIALIZED_AUTOS = YES_AGGRESSIVE;
				GCC_WARN_UNUSED_FUNCTION = YES;
				GCC_WARN_UNUSED_VARIABLE = YES;
				IPHONEOS_DEPLOYMENT_TARGET = 13.2;
				MTL_ENABLE_DEBUG_INFO = INCLUDE_SOURCE;
				MTL_FAST_MATH = YES;
				ONLY_ACTIVE_ARCH = YES;
				SDKROOT = iphoneos;
				SWIFT_ACTIVE_COMPILATION_CONDITIONS = DEBUG;
				SWIFT_OPTIMIZATION_LEVEL = "-Onone";
			};
			name = Debug;
		};
		DF0058A323CA0CA100F9F678 /* Release */ = {
			isa = XCBuildConfiguration;
			buildSettings = {
				ALWAYS_SEARCH_USER_PATHS = NO;
				CLANG_ANALYZER_NONNULL = YES;
				CLANG_ANALYZER_NUMBER_OBJECT_CONVERSION = YES_AGGRESSIVE;
				CLANG_CXX_LANGUAGE_STANDARD = "gnu++14";
				CLANG_CXX_LIBRARY = "libc++";
				CLANG_ENABLE_MODULES = YES;
				CLANG_ENABLE_OBJC_ARC = YES;
				CLANG_ENABLE_OBJC_WEAK = YES;
				CLANG_WARN_BLOCK_CAPTURE_AUTORELEASING = YES;
				CLANG_WARN_BOOL_CONVERSION = YES;
				CLANG_WARN_COMMA = YES;
				CLANG_WARN_CONSTANT_CONVERSION = YES;
				CLANG_WARN_DEPRECATED_OBJC_IMPLEMENTATIONS = YES;
				CLANG_WARN_DIRECT_OBJC_ISA_USAGE = YES_ERROR;
				CLANG_WARN_DOCUMENTATION_COMMENTS = YES;
				CLANG_WARN_EMPTY_BODY = YES;
				CLANG_WARN_ENUM_CONVERSION = YES;
				CLANG_WARN_INFINITE_RECURSION = YES;
				CLANG_WARN_INT_CONVERSION = YES;
				CLANG_WARN_NON_LITERAL_NULL_CONVERSION = YES;
				CLANG_WARN_OBJC_IMPLICIT_RETAIN_SELF = YES;
				CLANG_WARN_OBJC_LITERAL_CONVERSION = YES;
				CLANG_WARN_OBJC_ROOT_CLASS = YES_ERROR;
				CLANG_WARN_RANGE_LOOP_ANALYSIS = YES;
				CLANG_WARN_STRICT_PROTOTYPES = YES;
				CLANG_WARN_SUSPICIOUS_MOVE = YES;
				CLANG_WARN_UNGUARDED_AVAILABILITY = YES_AGGRESSIVE;
				CLANG_WARN_UNREACHABLE_CODE = YES;
				CLANG_WARN__DUPLICATE_METHOD_MATCH = YES;
				COPY_PHASE_STRIP = NO;
				DEBUG_INFORMATION_FORMAT = "dwarf-with-dsym";
				ENABLE_NS_ASSERTIONS = NO;
				ENABLE_STRICT_OBJC_MSGSEND = YES;
				GCC_C_LANGUAGE_STANDARD = gnu11;
				GCC_NO_COMMON_BLOCKS = YES;
				GCC_WARN_64_TO_32_BIT_CONVERSION = YES;
				GCC_WARN_ABOUT_RETURN_TYPE = YES_ERROR;
				GCC_WARN_UNDECLARED_SELECTOR = YES;
				GCC_WARN_UNINITIALIZED_AUTOS = YES_AGGRESSIVE;
				GCC_WARN_UNUSED_FUNCTION = YES;
				GCC_WARN_UNUSED_VARIABLE = YES;
				IPHONEOS_DEPLOYMENT_TARGET = 13.2;
				MTL_ENABLE_DEBUG_INFO = NO;
				MTL_FAST_MATH = YES;
				SDKROOT = iphoneos;
				SWIFT_COMPILATION_MODE = wholemodule;
				SWIFT_OPTIMIZATION_LEVEL = "-O";
				VALIDATE_PRODUCT = YES;
			};
			name = Release;
		};
		DF0058A523CA0CA100F9F678 /* Debug */ = {
			isa = XCBuildConfiguration;
			buildSettings = {
				ASSETCATALOG_COMPILER_APPICON_NAME = AppIcon;
				CODE_SIGN_STYLE = Automatic;
				INFOPLIST_FILE = TestAppIOS13/Info.plist;
				LD_RUNPATH_SEARCH_PATHS = (
					"$(inherited)",
					"@executable_path/Frameworks",
				);
				PRODUCT_BUNDLE_IDENTIFIER = com.shimon.azulay.TestAppIOS13;
				PRODUCT_NAME = "$(TARGET_NAME)";
				SWIFT_VERSION = 5.0;
				TARGETED_DEVICE_FAMILY = "1,2";
			};
			name = Debug;
		};
		DF0058A623CA0CA100F9F678 /* Release */ = {
			isa = XCBuildConfiguration;
			buildSettings = {
				ASSETCATALOG_COMPILER_APPICON_NAME = AppIcon;
				CODE_SIGN_STYLE = Automatic;
				INFOPLIST_FILE = TestAppIOS13/Info.plist;
				LD_RUNPATH_SEARCH_PATHS = (
					"$(inherited)",
					"@executable_path/Frameworks",
				);
				PRODUCT_BUNDLE_IDENTIFIER = com.shimon.azulay.TestAppIOS13;
				PRODUCT_NAME = "$(TARGET_NAME)";
				SWIFT_VERSION = 5.0;
				TARGETED_DEVICE_FAMILY = "1,2";
			};
			name = Release;
		};
		DF0058A823CA0CA100F9F678 /* Debug */ = {
			isa = XCBuildConfiguration;
			buildSettings = {
				ALWAYS_EMBED_SWIFT_STANDARD_LIBRARIES = YES;
				BUNDLE_LOADER = "$(TEST_HOST)";
				CODE_SIGN_STYLE = Automatic;
				INFOPLIST_FILE = TestAppIOS13Tests/Info.plist;
				IPHONEOS_DEPLOYMENT_TARGET = 13.2;
				LD_RUNPATH_SEARCH_PATHS = (
					"$(inherited)",
					"@executable_path/Frameworks",
					"@loader_path/Frameworks",
				);
				PRODUCT_BUNDLE_IDENTIFIER = com.shimon.azulay.TestAppIOS13Tests;
				PRODUCT_NAME = "$(TARGET_NAME)";
				SWIFT_VERSION = 5.0;
				TARGETED_DEVICE_FAMILY = "1,2";
				TEST_HOST = "$(BUILT_PRODUCTS_DIR)/TestAppIOS13.app/TestAppIOS13";
			};
			name = Debug;
		};
		DF0058A923CA0CA100F9F678 /* Release */ = {
			isa = XCBuildConfiguration;
			buildSettings = {
				ALWAYS_EMBED_SWIFT_STANDARD_LIBRARIES = YES;
				BUNDLE_LOADER = "$(TEST_HOST)";
				CODE_SIGN_STYLE = Automatic;
				INFOPLIST_FILE = TestAppIOS13Tests/Info.plist;
				IPHONEOS_DEPLOYMENT_TARGET = 13.2;
				LD_RUNPATH_SEARCH_PATHS = (
					"$(inherited)",
					"@executable_path/Frameworks",
					"@loader_path/Frameworks",
				);
				PRODUCT_BUNDLE_IDENTIFIER = com.shimon.azulay.TestAppIOS13Tests;
				PRODUCT_NAME = "$(TARGET_NAME)";
				SWIFT_VERSION = 5.0;
				TARGETED_DEVICE_FAMILY = "1,2";
				TEST_HOST = "$(BUILT_PRODUCTS_DIR)/TestAppIOS13.app/TestAppIOS13";
			};
			name = Release;
		};
		DF0058AB23CA0CA100F9F678 /* Debug */ = {
			isa = XCBuildConfiguration;
			buildSettings = {
				ALWAYS_EMBED_SWIFT_STANDARD_LIBRARIES = YES;
				CLANG_ENABLE_MODULES = YES;
				CODE_SIGN_STYLE = Automatic;
				INFOPLIST_FILE = TestAppIOS13UITests/Info.plist;
				LD_RUNPATH_SEARCH_PATHS = (
					"$(inherited)",
					"@executable_path/Frameworks",
					"@loader_path/Frameworks",
				);
				PRODUCT_BUNDLE_IDENTIFIER = com.shimon.azulay.TestAppIOS13UITests;
				PRODUCT_NAME = "$(TARGET_NAME)";
				SWIFT_OPTIMIZATION_LEVEL = "-Onone";
				SWIFT_VERSION = 5.0;
				TARGETED_DEVICE_FAMILY = "1,2";
				TEST_TARGET_NAME = TestAppIOS13;
			};
			name = Debug;
		};
		DF0058AC23CA0CA100F9F678 /* Release */ = {
			isa = XCBuildConfiguration;
			buildSettings = {
				ALWAYS_EMBED_SWIFT_STANDARD_LIBRARIES = YES;
				CLANG_ENABLE_MODULES = YES;
				CODE_SIGN_STYLE = Automatic;
				INFOPLIST_FILE = TestAppIOS13UITests/Info.plist;
				LD_RUNPATH_SEARCH_PATHS = (
					"$(inherited)",
					"@executable_path/Frameworks",
					"@loader_path/Frameworks",
				);
				PRODUCT_BUNDLE_IDENTIFIER = com.shimon.azulay.TestAppIOS13UITests;
				PRODUCT_NAME = "$(TARGET_NAME)";
				SWIFT_VERSION = 5.0;
				TARGETED_DEVICE_FAMILY = "1,2";
				TEST_TARGET_NAME = TestAppIOS13;
			};
			name = Release;
		};
		DF53016523CC503300183E87 /* Debug */ = {
			isa = XCBuildConfiguration;
			buildSettings = {
				CODE_SIGN_STYLE = Automatic;
				INFOPLIST_FILE = DidomiConsentUITests/Info.plist;
				LD_RUNPATH_SEARCH_PATHS = (
					"$(inherited)",
					"@executable_path/Frameworks",
					"@loader_path/Frameworks",
				);
				PRODUCT_BUNDLE_IDENTIFIER = com.shimon.azulay.DidomiConsentUITests;
				PRODUCT_NAME = "$(TARGET_NAME)";
				SWIFT_VERSION = 5.0;
				TARGETED_DEVICE_FAMILY = "1,2";
				TEST_TARGET_NAME = TestAppIOS13;
			};
			name = Debug;
		};
		DF53016623CC503300183E87 /* Release */ = {
			isa = XCBuildConfiguration;
			buildSettings = {
				CODE_SIGN_STYLE = Automatic;
				INFOPLIST_FILE = DidomiConsentUITests/Info.plist;
				LD_RUNPATH_SEARCH_PATHS = (
					"$(inherited)",
					"@executable_path/Frameworks",
					"@loader_path/Frameworks",
				);
				PRODUCT_BUNDLE_IDENTIFIER = com.shimon.azulay.DidomiConsentUITests;
				PRODUCT_NAME = "$(TARGET_NAME)";
				SWIFT_VERSION = 5.0;
				TARGETED_DEVICE_FAMILY = "1,2";
				TEST_TARGET_NAME = TestAppIOS13;
			};
			name = Release;
		};
/* End XCBuildConfiguration section */

/* Begin XCConfigurationList section */
		DF00587523CA0CA000F9F678 /* Build configuration list for PBXProject "TestAppIOS13" */ = {
			isa = XCConfigurationList;
			buildConfigurations = (
				DF0058A223CA0CA100F9F678 /* Debug */,
				DF0058A323CA0CA100F9F678 /* Release */,
			);
			defaultConfigurationIsVisible = 0;
			defaultConfigurationName = Release;
		};
		DF0058A423CA0CA100F9F678 /* Build configuration list for PBXNativeTarget "TestAppIOS13" */ = {
			isa = XCConfigurationList;
			buildConfigurations = (
				DF0058A523CA0CA100F9F678 /* Debug */,
				DF0058A623CA0CA100F9F678 /* Release */,
			);
			defaultConfigurationIsVisible = 0;
			defaultConfigurationName = Release;
		};
		DF0058A723CA0CA100F9F678 /* Build configuration list for PBXNativeTarget "TestAppIOS13Tests" */ = {
			isa = XCConfigurationList;
			buildConfigurations = (
				DF0058A823CA0CA100F9F678 /* Debug */,
				DF0058A923CA0CA100F9F678 /* Release */,
			);
			defaultConfigurationIsVisible = 0;
			defaultConfigurationName = Release;
		};
		DF0058AA23CA0CA100F9F678 /* Build configuration list for PBXNativeTarget "TestAppIOS13UITests" */ = {
			isa = XCConfigurationList;
			buildConfigurations = (
				DF0058AB23CA0CA100F9F678 /* Debug */,
				DF0058AC23CA0CA100F9F678 /* Release */,
			);
			defaultConfigurationIsVisible = 0;
			defaultConfigurationName = Release;
		};
		DF53016423CC503300183E87 /* Build configuration list for PBXNativeTarget "DidomiConsentUITests" */ = {
			isa = XCConfigurationList;
			buildConfigurations = (
				DF53016523CC503300183E87 /* Debug */,
				DF53016623CC503300183E87 /* Release */,
			);
			defaultConfigurationIsVisible = 0;
			defaultConfigurationName = Release;
		};
/* End XCConfigurationList section */
	};
	rootObject = DF00587223CA0CA000F9F678 /* Project object */;
}
