// !$*UTF8*$!
{
	archiveVersion = 1;
	classes = {
	};
	objectVersion = 50;
	objects = {

/* Begin PBXBuildFile section */
		DF5300FE23CB702400183E87 /* AppDelegate.swift in Sources */ = {isa = PBXBuildFile; fileRef = DF5300FD23CB702400183E87 /* AppDelegate.swift */; };
		DF53010023CB702400183E87 /* SceneDelegate.swift in Sources */ = {isa = PBXBuildFile; fileRef = DF5300FF23CB702400183E87 /* SceneDelegate.swift */; };
		DF53010223CB702400183E87 /* ViewController.swift in Sources */ = {isa = PBXBuildFile; fileRef = DF53010123CB702400183E87 /* ViewController.swift */; };
		DF53010523CB702400183E87 /* Main.storyboard in Resources */ = {isa = PBXBuildFile; fileRef = DF53010323CB702400183E87 /* Main.storyboard */; };
		DF53010723CB702500183E87 /* Assets.xcassets in Resources */ = {isa = PBXBuildFile; fileRef = DF53010623CB702500183E87 /* Assets.xcassets */; };
		DF53010A23CB702500183E87 /* LaunchScreen.storyboard in Resources */ = {isa = PBXBuildFile; fileRef = DF53010823CB702500183E87 /* LaunchScreen.storyboard */; };
		DF53011323CB707E00183E87 /* DidomiConsent.framework in Frameworks */ = {isa = PBXBuildFile; fileRef = DF53011223CB707E00183E87 /* DidomiConsent.framework */; };
		DF53011423CB707E00183E87 /* DidomiConsent.framework in Embed Frameworks */ = {isa = PBXBuildFile; fileRef = DF53011223CB707E00183E87 /* DidomiConsent.framework */; settings = {ATTRIBUTES = (CodeSignOnCopy, RemoveHeadersOnCopy, ); }; };
/* End PBXBuildFile section */

/* Begin PBXCopyFilesBuildPhase section */
		DF53011523CB707E00183E87 /* Embed Frameworks */ = {
			isa = PBXCopyFilesBuildPhase;
			buildActionMask = 2147483647;
			dstPath = "";
			dstSubfolderSpec = 10;
			files = (
				DF53011423CB707E00183E87 /* DidomiConsent.framework in Embed Frameworks */,
			);
			name = "Embed Frameworks";
			runOnlyForDeploymentPostprocessing = 0;
		};
/* End PBXCopyFilesBuildPhase section */

/* Begin PBXFileReference section */
		DF5300FA23CB702400183E87 /* TestAppIOS9.app */ = {isa = PBXFileReference; explicitFileType = wrapper.application; includeInIndex = 0; path = TestAppIOS9.app; sourceTree = BUILT_PRODUCTS_DIR; };
		DF5300FD23CB702400183E87 /* AppDelegate.swift */ = {isa = PBXFileReference; lastKnownFileType = sourcecode.swift; path = AppDelegate.swift; sourceTree = "<group>"; };
		DF5300FF23CB702400183E87 /* SceneDelegate.swift */ = {isa = PBXFileReference; lastKnownFileType = sourcecode.swift; path = SceneDelegate.swift; sourceTree = "<group>"; };
		DF53010123CB702400183E87 /* ViewController.swift */ = {isa = PBXFileReference; lastKnownFileType = sourcecode.swift; path = ViewController.swift; sourceTree = "<group>"; };
		DF53010423CB702400183E87 /* Base */ = {isa = PBXFileReference; lastKnownFileType = file.storyboard; name = Base; path = Base.lproj/Main.storyboard; sourceTree = "<group>"; };
		DF53010623CB702500183E87 /* Assets.xcassets */ = {isa = PBXFileReference; lastKnownFileType = folder.assetcatalog; path = Assets.xcassets; sourceTree = "<group>"; };
		DF53010923CB702500183E87 /* Base */ = {isa = PBXFileReference; lastKnownFileType = file.storyboard; name = Base; path = Base.lproj/LaunchScreen.storyboard; sourceTree = "<group>"; };
		DF53010B23CB702500183E87 /* Info.plist */ = {isa = PBXFileReference; lastKnownFileType = text.plist.xml; path = Info.plist; sourceTree = "<group>"; };
		DF53011223CB707E00183E87 /* DidomiConsent.framework */ = {isa = PBXFileReference; explicitFileType = wrapper.framework; path = DidomiConsent.framework; sourceTree = BUILT_PRODUCTS_DIR; };
/* End PBXFileReference section */

/* Begin PBXFrameworksBuildPhase section */
		DF5300F723CB702400183E87 /* Frameworks */ = {
			isa = PBXFrameworksBuildPhase;
			buildActionMask = 2147483647;
			files = (
				DF53011323CB707E00183E87 /* DidomiConsent.framework in Frameworks */,
			);
			runOnlyForDeploymentPostprocessing = 0;
		};
/* End PBXFrameworksBuildPhase section */

/* Begin PBXGroup section */
		DF5300F123CB702400183E87 = {
			isa = PBXGroup;
			children = (
				DF5300FC23CB702400183E87 /* TestAppIOS9 */,
				DF5300FB23CB702400183E87 /* Products */,
				DF53011123CB707E00183E87 /* Frameworks */,
			);
			sourceTree = "<group>";
		};
		DF5300FB23CB702400183E87 /* Products */ = {
			isa = PBXGroup;
			children = (
				DF5300FA23CB702400183E87 /* TestAppIOS9.app */,
			);
			name = Products;
			sourceTree = "<group>";
		};
		DF5300FC23CB702400183E87 /* TestAppIOS9 */ = {
			isa = PBXGroup;
			children = (
				DF5300FD23CB702400183E87 /* AppDelegate.swift */,
				DF5300FF23CB702400183E87 /* SceneDelegate.swift */,
				DF53010123CB702400183E87 /* ViewController.swift */,
				DF53010323CB702400183E87 /* Main.storyboard */,
				DF53010623CB702500183E87 /* Assets.xcassets */,
				DF53010823CB702500183E87 /* LaunchScreen.storyboard */,
				DF53010B23CB702500183E87 /* Info.plist */,
			);
			path = TestAppIOS9;
			sourceTree = "<group>";
		};
		DF53011123CB707E00183E87 /* Frameworks */ = {
			isa = PBXGroup;
			children = (
				DF53011223CB707E00183E87 /* DidomiConsent.framework */,
			);
			name = Frameworks;
			sourceTree = "<group>";
		};
/* End PBXGroup section */

/* Begin PBXNativeTarget section */
		DF5300F923CB702400183E87 /* TestAppIOS9 */ = {
			isa = PBXNativeTarget;
			buildConfigurationList = DF53010E23CB702500183E87 /* Build configuration list for PBXNativeTarget "TestAppIOS9" */;
			buildPhases = (
				DF5300F623CB702400183E87 /* Sources */,
				DF5300F723CB702400183E87 /* Frameworks */,
				DF5300F823CB702400183E87 /* Resources */,
				DF53011523CB707E00183E87 /* Embed Frameworks */,
			);
			buildRules = (
			);
			dependencies = (
			);
			name = TestAppIOS9;
			productName = TestAppIOS9;
			productReference = DF5300FA23CB702400183E87 /* TestAppIOS9.app */;
			productType = "com.apple.product-type.application";
		};
/* End PBXNativeTarget section */

/* Begin PBXProject section */
		DF5300F223CB702400183E87 /* Project object */ = {
			isa = PBXProject;
			attributes = {
				LastSwiftUpdateCheck = 1120;
				LastUpgradeCheck = 1120;
				ORGANIZATIONNAME = shimon.azulay;
				TargetAttributes = {
					DF5300F923CB702400183E87 = {
						CreatedOnToolsVersion = 11.2;
					};
				};
			};
			buildConfigurationList = DF5300F523CB702400183E87 /* Build configuration list for PBXProject "TestAppIOS9" */;
			compatibilityVersion = "Xcode 9.3";
			developmentRegion = en;
			hasScannedForEncodings = 0;
			knownRegions = (
				en,
				Base,
			);
			mainGroup = DF5300F123CB702400183E87;
			productRefGroup = DF5300FB23CB702400183E87 /* Products */;
			projectDirPath = "";
			projectRoot = "";
			targets = (
				DF5300F923CB702400183E87 /* TestAppIOS9 */,
			);
		};
/* End PBXProject section */

/* Begin PBXResourcesBuildPhase section */
		DF5300F823CB702400183E87 /* Resources */ = {
			isa = PBXResourcesBuildPhase;
			buildActionMask = 2147483647;
			files = (
				DF53010A23CB702500183E87 /* LaunchScreen.storyboard in Resources */,
				DF53010723CB702500183E87 /* Assets.xcassets in Resources */,
				DF53010523CB702400183E87 /* Main.storyboard in Resources */,
			);
			runOnlyForDeploymentPostprocessing = 0;
		};
/* End PBXResourcesBuildPhase section */

/* Begin PBXSourcesBuildPhase section */
		DF5300F623CB702400183E87 /* Sources */ = {
			isa = PBXSourcesBuildPhase;
			buildActionMask = 2147483647;
			files = (
				DF53010223CB702400183E87 /* ViewController.swift in Sources */,
				DF5300FE23CB702400183E87 /* AppDelegate.swift in Sources */,
				DF53010023CB702400183E87 /* SceneDelegate.swift in Sources */,
			);
			runOnlyForDeploymentPostprocessing = 0;
		};
/* End PBXSourcesBuildPhase section */

/* Begin PBXVariantGroup section */
		DF53010323CB702400183E87 /* Main.storyboard */ = {
			isa = PBXVariantGroup;
			children = (
				DF53010423CB702400183E87 /* Base */,
			);
			name = Main.storyboard;
			sourceTree = "<group>";
		};
		DF53010823CB702500183E87 /* LaunchScreen.storyboard */ = {
			isa = PBXVariantGroup;
			children = (
				DF53010923CB702500183E87 /* Base */,
			);
			name = LaunchScreen.storyboard;
			sourceTree = "<group>";
		};
/* End PBXVariantGroup section */

/* Begin XCBuildConfiguration section */
		DF53010C23CB702500183E87 /* Debug */ = {
			isa = XCBuildConfiguration;
			buildSettings = {
				ALWAYS_SEARCH_USER_PATHS = NO;
				CLANG_ANALYZER_NONNULL = YES;
				CLANG_ANALYZER_NUMBER_OBJECT_CONVERSION = YES_AGGRESSIVE;
				CLANG_CXX_LANGUAGE_STANDARD = "gnu++14";
				CLANG_CXX_LIBRARY = "libc++";
				CLANG_ENABLE_MODULES = YES;
				CLANG_ENABLE_OBJC_ARC = YES;
				CLANG_ENABLE_OBJC_WEAK = YES;
				CLANG_WARN_BLOCK_CAPTURE_AUTORELEASING = YES;
				CLANG_WARN_BOOL_CONVERSION = YES;
				CLANG_WARN_COMMA = YES;
				CLANG_WARN_CONSTANT_CONVERSION = YES;
				CLANG_WARN_DEPRECATED_OBJC_IMPLEMENTATIONS = YES;
				CLANG_WARN_DIRECT_OBJC_ISA_USAGE = YES_ERROR;
				CLANG_WARN_DOCUMENTATION_COMMENTS = YES;
				CLANG_WARN_EMPTY_BODY = YES;
				CLANG_WARN_ENUM_CONVERSION = YES;
				CLANG_WARN_INFINITE_RECURSION = YES;
				CLANG_WARN_INT_CONVERSION = YES;
				CLANG_WARN_NON_LITERAL_NULL_CONVERSION = YES;
				CLANG_WARN_OBJC_IMPLICIT_RETAIN_SELF = YES;
				CLANG_WARN_OBJC_LITERAL_CONVERSION = YES;
				CLANG_WARN_OBJC_ROOT_CLASS = YES_ERROR;
				CLANG_WARN_RANGE_LOOP_ANALYSIS = YES;
				CLANG_WARN_STRICT_PROTOTYPES = YES;
				CLANG_WARN_SUSPICIOUS_MOVE = YES;
				CLANG_WARN_UNGUARDED_AVAILABILITY = YES_AGGRESSIVE;
				CLANG_WARN_UNREACHABLE_CODE = YES;
				CLANG_WARN__DUPLICATE_METHOD_MATCH = YES;
				COPY_PHASE_STRIP = NO;
				DEBUG_INFORMATION_FORMAT = dwarf;
				ENABLE_STRICT_OBJC_MSGSEND = YES;
				ENABLE_TESTABILITY = YES;
				GCC_C_LANGUAGE_STANDARD = gnu11;
				GCC_DYNAMIC_NO_PIC = NO;
				GCC_NO_COMMON_BLOCKS = YES;
				GCC_OPTIMIZATION_LEVEL = 0;
				GCC_PREPROCESSOR_DEFINITIONS = (
					"DEBUG=1",
					"$(inherited)",
				);
				GCC_WARN_64_TO_32_BIT_CONVERSION = YES;
				GCC_WARN_ABOUT_RETURN_TYPE = YES_ERROR;
				GCC_WARN_UNDECLARED_SELECTOR = YES;
				GCC_WARN_UNINITIALIZED_AUTOS = YES_AGGRESSIVE;
				GCC_WARN_UNUSED_FUNCTION = YES;
				GCC_WARN_UNUSED_VARIABLE = YES;
				IPHONEOS_DEPLOYMENT_TARGET = 13.2;
				MTL_ENABLE_DEBUG_INFO = INCLUDE_SOURCE;
				MTL_FAST_MATH = YES;
				ONLY_ACTIVE_ARCH = YES;
				SDKROOT = iphoneos;
				SWIFT_ACTIVE_COMPILATION_CONDITIONS = DEBUG;
				SWIFT_OPTIMIZATION_LEVEL = "-Onone";
			};
			name = Debug;
		};
		DF53010D23CB702500183E87 /* Release */ = {
			isa = XCBuildConfiguration;
			buildSettings = {
				ALWAYS_SEARCH_USER_PATHS = NO;
				CLANG_ANALYZER_NONNULL = YES;
				CLANG_ANALYZER_NUMBER_OBJECT_CONVERSION = YES_AGGRESSIVE;
				CLANG_CXX_LANGUAGE_STANDARD = "gnu++14";
				CLANG_CXX_LIBRARY = "libc++";
				CLANG_ENABLE_MODULES = YES;
				CLANG_ENABLE_OBJC_ARC = YES;
				CLANG_ENABLE_OBJC_WEAK = YES;
				CLANG_WARN_BLOCK_CAPTURE_AUTORELEASING = YES;
				CLANG_WARN_BOOL_CONVERSION = YES;
				CLANG_WARN_COMMA = YES;
				CLANG_WARN_CONSTANT_CONVERSION = YES;
				CLANG_WARN_DEPRECATED_OBJC_IMPLEMENTATIONS = YES;
				CLANG_WARN_DIRECT_OBJC_ISA_USAGE = YES_ERROR;
				CLANG_WARN_DOCUMENTATION_COMMENTS = YES;
				CLANG_WARN_EMPTY_BODY = YES;
				CLANG_WARN_ENUM_CONVERSION = YES;
				CLANG_WARN_INFINITE_RECURSION = YES;
				CLANG_WARN_INT_CONVERSION = YES;
				CLANG_WARN_NON_LITERAL_NULL_CONVERSION = YES;
				CLANG_WARN_OBJC_IMPLICIT_RETAIN_SELF = YES;
				CLANG_WARN_OBJC_LITERAL_CONVERSION = YES;
				CLANG_WARN_OBJC_ROOT_CLASS = YES_ERROR;
				CLANG_WARN_RANGE_LOOP_ANALYSIS = YES;
				CLANG_WARN_STRICT_PROTOTYPES = YES;
				CLANG_WARN_SUSPICIOUS_MOVE = YES;
				CLANG_WARN_UNGUARDED_AVAILABILITY = YES_AGGRESSIVE;
				CLANG_WARN_UNREACHABLE_CODE = YES;
				CLANG_WARN__DUPLICATE_METHOD_MATCH = YES;
				COPY_PHASE_STRIP = NO;
				DEBUG_INFORMATION_FORMAT = "dwarf-with-dsym";
				ENABLE_NS_ASSERTIONS = NO;
				ENABLE_STRICT_OBJC_MSGSEND = YES;
				GCC_C_LANGUAGE_STANDARD = gnu11;
				GCC_NO_COMMON_BLOCKS = YES;
				GCC_WARN_64_TO_32_BIT_CONVERSION = YES;
				GCC_WARN_ABOUT_RETURN_TYPE = YES_ERROR;
				GCC_WARN_UNDECLARED_SELECTOR = YES;
				GCC_WARN_UNINITIALIZED_AUTOS = YES_AGGRESSIVE;
				GCC_WARN_UNUSED_FUNCTION = YES;
				GCC_WARN_UNUSED_VARIABLE = YES;
				IPHONEOS_DEPLOYMENT_TARGET = 13.2;
				MTL_ENABLE_DEBUG_INFO = NO;
				MTL_FAST_MATH = YES;
				SDKROOT = iphoneos;
				SWIFT_COMPILATION_MODE = wholemodule;
				SWIFT_OPTIMIZATION_LEVEL = "-O";
				VALIDATE_PRODUCT = YES;
			};
			name = Release;
		};
		DF53010F23CB702500183E87 /* Debug */ = {
			isa = XCBuildConfiguration;
			buildSettings = {
				ASSETCATALOG_COMPILER_APPICON_NAME = AppIcon;
				CODE_SIGN_STYLE = Automatic;
				INFOPLIST_FILE = TestAppIOS9/Info.plist;
				IPHONEOS_DEPLOYMENT_TARGET = 9.0;
				LD_RUNPATH_SEARCH_PATHS = (
					"$(inherited)",
					"@executable_path/Frameworks",
				);
				PRODUCT_BUNDLE_IDENTIFIER = com.shimon.azulay.TestAppIOS9;
				PRODUCT_NAME = "$(TARGET_NAME)";
				SWIFT_VERSION = 5.0;
				TARGETED_DEVICE_FAMILY = "1,2";
			};
			name = Debug;
		};
		DF53011023CB702500183E87 /* Release */ = {
			isa = XCBuildConfiguration;
			buildSettings = {
				ASSETCATALOG_COMPILER_APPICON_NAME = AppIcon;
				CODE_SIGN_STYLE = Automatic;
				INFOPLIST_FILE = TestAppIOS9/Info.plist;
				IPHONEOS_DEPLOYMENT_TARGET = 9.0;
				LD_RUNPATH_SEARCH_PATHS = (
					"$(inherited)",
					"@executable_path/Frameworks",
				);
				PRODUCT_BUNDLE_IDENTIFIER = com.shimon.azulay.TestAppIOS9;
				PRODUCT_NAME = "$(TARGET_NAME)";
				SWIFT_VERSION = 5.0;
				TARGETED_DEVICE_FAMILY = "1,2";
			};
			name = Release;
		};
/* End XCBuildConfiguration section */

/* Begin XCConfigurationList section */
		DF5300F523CB702400183E87 /* Build configuration list for PBXProject "TestAppIOS9" */ = {
			isa = XCConfigurationList;
			buildConfigurations = (
				DF53010C23CB702500183E87 /* Debug */,
				DF53010D23CB702500183E87 /* Release */,
			);
			defaultConfigurationIsVisible = 0;
			defaultConfigurationName = Release;
		};
		DF53010E23CB702500183E87 /* Build configuration list for PBXNativeTarget "TestAppIOS9" */ = {
			isa = XCConfigurationList;
			buildConfigurations = (
				DF53010F23CB702500183E87 /* Debug */,
				DF53011023CB702500183E87 /* Release */,
			);
			defaultConfigurationIsVisible = 0;
			defaultConfigurationName = Release;
		};
/* End XCConfigurationList section */
	};
	rootObject = DF5300F223CB702400183E87 /* Project object */;
}
